
Microsoft Visual Studio Solution File, Format Version 12.00
# Visual Studio Version 17
VisualStudioVersion = 17.7.34031.279
MinimumVisualStudioVersion = 10.0.40219.1
Project("{FAE04EC0-301F-11D3-BF4B-00C04F79EFBC}") = "AgendaServicios.Web", "AgendaServicios.Web\AgendaServicios.Web.csproj", "{7C4D548A-726E-4CA5-BC37-2F5CB3DF0A48}"
EndProject
Global
	GlobalSection(SolutionConfigurationPlatforms) = preSolution
		Debug|Any CPU = Debug|Any CPU
		Release|Any CPU = Release|Any CPU
	EndGlobalSection
	GlobalSection(ProjectConfigurationPlatforms) = postSolution
		{7C4D548A-726E-4CA5-BC37-2F5CB3DF0A48}.Debug|Any CPU.ActiveCfg = Debug|Any CPU
		{7C4D548A-726E-4CA5-BC37-2F5CB3DF0A48}.Debug|Any CPU.Build.0 = Debug|Any CPU
		{7C4D548A-726E-4CA5-BC37-2F5CB3DF0A48}.Release|Any CPU.ActiveCfg = Release|Any CPU
		{7C4D548A-726E-4CA5-BC37-2F5CB3DF0A48}.Release|Any CPU.Build.0 = Release|Any CPU
	EndGlobalSection
	GlobalSection(SolutionProperties) = preSolution
		HideSolutionNode = FALSE
	EndGlobalSection
	GlobalSection(ExtensibilityGlobals) = postSolution
		SolutionGuid = {2DC4FA46-50E0-4769-987A-883679419155}
	EndGlobalSection
EndGlobal
